
Microsoft Visual Studio Solution File, Format Version 12.00
# Visual Studio Version 17
VisualStudioVersion = 17.0.31903.59
MinimumVisualStudioVersion = 10.0.40219.1
Project("{FAE04EC0-301F-11D3-BF4B-00C04F79EFBC}") = "SSO-Auth", "SSO-Auth\SSO-Auth.csproj", "{C30A5CFB-B27E-4E83-9E96-1E0362B36748}"
EndProject
Project("{2150E333-8FDC-42A3-9474-1A3956D46DE8}") = "test-env", "test-env", "{FB7E79C9-0A3B-9918-A9C3-76EAB7E4961A}"
EndProject
Project("{FAE04EC0-301F-11D3-BF4B-00C04F79EFBC}") = "SSO-Auth.TestEnv", "test-env\SSO-Auth.TestEnv\SSO-Auth.TestEnv.csproj", "{002BCBAD-81BF-4F4D-A250-B3C08833461E}"
EndProject
Global
	GlobalSection(SolutionConfigurationPlatforms) = preSolution
		Debug|Any CPU = Debug|Any CPU
		Debug|x64 = Debug|x64
		Debug|x86 = Debug|x86
		Release|Any CPU = Release|Any CPU
		Release|x64 = Release|x64
		Release|x86 = Release|x86
	EndGlobalSection
	GlobalSection(ProjectConfigurationPlatforms) = postSolution
		{C30A5CFB-B27E-4E83-9E96-1E0362B36748}.Debug|Any CPU.ActiveCfg = Debug|Any CPU
		{C30A5CFB-B27E-4E83-9E96-1E0362B36748}.Debug|Any CPU.Build.0 = Debug|Any CPU
		{C30A5CFB-B27E-4E83-9E96-1E0362B36748}.Debug|x64.ActiveCfg = Debug|Any CPU
		{C30A5CFB-B27E-4E83-9E96-1E0362B36748}.Debug|x64.Build.0 = Debug|Any CPU
		{C30A5CFB-B27E-4E83-9E96-1E0362B36748}.Debug|x86.ActiveCfg = Debug|Any CPU
		{C30A5CFB-B27E-4E83-9E96-1E0362B36748}.Debug|x86.Build.0 = Debug|Any CPU
		{C30A5CFB-B27E-4E83-9E96-1E0362B36748}.Release|Any CPU.ActiveCfg = Release|Any CPU
		{C30A5CFB-B27E-4E83-9E96-1E0362B36748}.Release|Any CPU.Build.0 = Release|Any CPU
		{C30A5CFB-B27E-4E83-9E96-1E0362B36748}.Release|x64.ActiveCfg = Release|Any CPU
		{C30A5CFB-B27E-4E83-9E96-1E0362B36748}.Release|x64.Build.0 = Release|Any CPU
		{C30A5CFB-B27E-4E83-9E96-1E0362B36748}.Release|x86.ActiveCfg = Release|Any CPU
		{C30A5CFB-B27E-4E83-9E96-1E0362B36748}.Release|x86.Build.0 = Release|Any CPU
		{002BCBAD-81BF-4F4D-A250-B3C08833461E}.Debug|Any CPU.ActiveCfg = Debug|Any CPU
		{002BCBAD-81BF-4F4D-A250-B3C08833461E}.Debug|Any CPU.Build.0 = Debug|Any CPU
		{002BCBAD-81BF-4F4D-A250-B3C08833461E}.Debug|x64.ActiveCfg = Debug|Any CPU
		{002BCBAD-81BF-4F4D-A250-B3C08833461E}.Debug|x64.Build.0 = Debug|Any CPU
		{002BCBAD-81BF-4F4D-A250-B3C08833461E}.Debug|x86.ActiveCfg = Debug|Any CPU
		{002BCBAD-81BF-4F4D-A250-B3C08833461E}.Debug|x86.Build.0 = Debug|Any CPU
		{002BCBAD-81BF-4F4D-A250-B3C08833461E}.Release|Any CPU.ActiveCfg = Release|Any CPU
		{002BCBAD-81BF-4F4D-A250-B3C08833461E}.Release|Any CPU.Build.0 = Release|Any CPU
		{002BCBAD-81BF-4F4D-A250-B3C08833461E}.Release|x64.ActiveCfg = Release|Any CPU
		{002BCBAD-81BF-4F4D-A250-B3C08833461E}.Release|x64.Build.0 = Release|Any CPU
		{002BCBAD-81BF-4F4D-A250-B3C08833461E}.Release|x86.ActiveCfg = Release|Any CPU
		{002BCBAD-81BF-4F4D-A250-B3C08833461E}.Release|x86.Build.0 = Release|Any CPU
	EndGlobalSection
	GlobalSection(SolutionProperties) = preSolution
		HideSolutionNode = FALSE
	EndGlobalSection
	GlobalSection(NestedProjects) = preSolution
		{002BCBAD-81BF-4F4D-A250-B3C08833461E} = {FB7E79C9-0A3B-9918-A9C3-76EAB7E4961A}
	EndGlobalSection
EndGlobal
